
Microsoft Visual Studio Solution File, Format Version 12.00
# Visual Studio Version 17
VisualStudioVersion = 17.6.33829.357
MinimumVisualStudioVersion = 10.0.40219.1
Project("{FAE04EC0-301F-11D3-BF4B-00C04F79EFBC}") = "Workaholic.API", "Workaholic\Workaholic.API.csproj", "{47A4A910-DA52-4814-BE3E-5BD442995EAA}"
EndProject
Project("{FAE04EC0-301F-11D3-BF4B-00C04F79EFBC}") = "Workaholic.CORE", "Workaholic.CORE\Workaholic.CORE.csproj", "{60B522A7-DC32-46BA-848E-D194B5661072}"
EndProject
Global
	GlobalSection(SolutionConfigurationPlatforms) = preSolution
		Debug|Any CPU = Debug|Any CPU
		Release|Any CPU = Release|Any CPU
	EndGlobalSection
	GlobalSection(ProjectConfigurationPlatforms) = postSolution
		{47A4A910-DA52-4814-BE3E-5BD442995EAA}.Debug|Any CPU.ActiveCfg = Debug|Any CPU
		{47A4A910-DA52-4814-BE3E-5BD442995EAA}.Debug|Any CPU.Build.0 = Debug|Any CPU
		{47A4A910-DA52-4814-BE3E-5BD442995EAA}.Release|Any CPU.ActiveCfg = Release|Any CPU
		{47A4A910-DA52-4814-BE3E-5BD442995EAA}.Release|Any CPU.Build.0 = Release|Any CPU
		{60B522A7-DC32-46BA-848E-D194B5661072}.Debug|Any CPU.ActiveCfg = Debug|Any CPU
		{60B522A7-DC32-46BA-848E-D194B5661072}.Debug|Any CPU.Build.0 = Debug|Any CPU
		{60B522A7-DC32-46BA-848E-D194B5661072}.Release|Any CPU.ActiveCfg = Release|Any CPU
		{60B522A7-DC32-46BA-848E-D194B5661072}.Release|Any CPU.Build.0 = Release|Any CPU
	EndGlobalSection
	GlobalSection(SolutionProperties) = preSolution
		HideSolutionNode = FALSE
	EndGlobalSection
	GlobalSection(ExtensibilityGlobals) = postSolution
		SolutionGuid = {78079D52-FD9A-4CEA-861D-4680BA4ED94A}
	EndGlobalSection
EndGlobal
